
Microsoft Visual Studio Solution File, Format Version 12.00
# Visual Studio Version 16
VisualStudioVersion = 16.0.30413.136
MinimumVisualStudioVersion = 10.0.40219.1
Project("{FAE04EC0-301F-11D3-BF4B-00C04F79EFBC}") = "SistemaDeCompetencia", "SistemaDeCompetencia\SistemaDeCompetencia.csproj", "{DD58EF89-B827-4B45-B83B-43C8EA2056B7}"
EndProject
Global
	GlobalSection(SolutionConfigurationPlatforms) = preSolution
		Debug|Any CPU = Debug|Any CPU
		Release|Any CPU = Release|Any CPU
	EndGlobalSection
	GlobalSection(ProjectConfigurationPlatforms) = postSolution
		{DD58EF89-B827-4B45-B83B-43C8EA2056B7}.Debug|Any CPU.ActiveCfg = Debug|Any CPU
		{DD58EF89-B827-4B45-B83B-43C8EA2056B7}.Debug|Any CPU.Build.0 = Debug|Any CPU
		{DD58EF89-B827-4B45-B83B-43C8EA2056B7}.Release|Any CPU.ActiveCfg = Release|Any CPU
		{DD58EF89-B827-4B45-B83B-43C8EA2056B7}.Release|Any CPU.Build.0 = Release|Any CPU
	EndGlobalSection
	GlobalSection(SolutionProperties) = preSolution
		HideSolutionNode = FALSE
	EndGlobalSection
	GlobalSection(ExtensibilityGlobals) = postSolution
		SolutionGuid = {D39C5BA4-E304-4E35-BC41-CD9144366D68}
	EndGlobalSection
EndGlobal
